// !$*UTF8*$!
{
	archiveVersion = 1;
	classes = {
	};
	objectVersion = 56;
	objects = {

/* Begin PBXBuildFile section */
		16F0B0FC299E54B10023F640 /* AppDelegate.swift in Sources */ = {isa = PBXBuildFile; fileRef = 16F0B0FB299E54B10023F640 /* AppDelegate.swift */; };
		16F0B0FE299E54B10023F640 /* SceneDelegate.swift in Sources */ = {isa = PBXBuildFile; fileRef = 16F0B0FD299E54B10023F640 /* SceneDelegate.swift */; };
		16F0B100299E54B10023F640 /* ViewController.swift in Sources */ = {isa = PBXBuildFile; fileRef = 16F0B0FF299E54B10023F640 /* ViewController.swift */; };
		16F0B103299E54B10023F640 /* Main.storyboard in Resources */ = {isa = PBXBuildFile; fileRef = 16F0B101299E54B10023F640 /* Main.storyboard */; };
		16F0B105299E54B20023F640 /* Assets.xcassets in Resources */ = {isa = PBXBuildFile; fileRef = 16F0B104299E54B20023F640 /* Assets.xcassets */; };
		16F0B108299E54B20023F640 /* LaunchScreen.storyboard in Resources */ = {isa = PBXBuildFile; fileRef = 16F0B106299E54B20023F640 /* LaunchScreen.storyboard */; };
		16F0B112299E54F10023F640 /* lamp_off.png in Resources */ = {isa = PBXBuildFile; fileRef = 16F0B110299E54F10023F640 /* lamp_off.png */; };
		16F0B113299E54F10023F640 /* lamp_on.png in Resources */ = {isa = PBXBuildFile; fileRef = 16F0B111299E54F10023F640 /* lamp_on.png */; };
		16F0B115299E563F0023F640 /* lamp_remove.png in Resources */ = {isa = PBXBuildFile; fileRef = 16F0B114299E563F0023F640 /* lamp_remove.png */; };
/* End PBXBuildFile section */

/* Begin PBXFileReference section */
		16F0B0F8299E54B10023F640 /* lampAlert.app */ = {isa = PBXFileReference; explicitFileType = wrapper.application; includeInIndex = 0; path = lampAlert.app; sourceTree = BUILT_PRODUCTS_DIR; };
		16F0B0FB299E54B10023F640 /* AppDelegate.swift */ = {isa = PBXFileReference; lastKnownFileType = sourcecode.swift; path = AppDelegate.swift; sourceTree = "<group>"; };
		16F0B0FD299E54B10023F640 /* SceneDelegate.swift */ = {isa = PBXFileReference; lastKnownFileType = sourcecode.swift; path = SceneDelegate.swift; sourceTree = "<group>"; };
		16F0B0FF299E54B10023F640 /* ViewController.swift */ = {isa = PBXFileReference; lastKnownFileType = sourcecode.swift; path = ViewController.swift; sourceTree = "<group>"; };
		16F0B102299E54B10023F640 /* Base */ = {isa = PBXFileReference; lastKnownFileType = file.storyboard; name = Base; path = Base.lproj/Main.storyboard; sourceTree = "<group>"; };
		16F0B104299E54B20023F640 /* Assets.xcassets */ = {isa = PBXFileReference; lastKnownFileType = folder.assetcatalog; path = Assets.xcassets; sourceTree = "<group>"; };
		16F0B107299E54B20023F640 /* Base */ = {isa = PBXFileReference; lastKnownFileType = file.storyboard; name = Base; path = Base.lproj/LaunchScreen.storyboard; sourceTree = "<group>"; };
		16F0B109299E54B20023F640 /* Info.plist */ = {isa = PBXFileReference; lastKnownFileType = text.plist.xml; path = Info.plist; sourceTree = "<group>"; };
		16F0B110299E54F10023F640 /* lamp_off.png */ = {isa = PBXFileReference; lastKnownFileType = image.png; name = lamp_off.png; path = ../../../../../../Downloads/lamp2/lamp_off.png; sourceTree = "<group>"; };
		16F0B111299E54F10023F640 /* lamp_on.png */ = {isa = PBXFileReference; lastKnownFileType = image.png; name = lamp_on.png; path = ../../../../../../Downloads/lamp2/lamp_on.png; sourceTree = "<group>"; };
		16F0B114299E563F0023F640 /* lamp_remove.png */ = {isa = PBXFileReference; lastKnownFileType = image.png; name = lamp_remove.png; path = ../../../../../../Downloads/lamp2/lamp_remove.png; sourceTree = "<group>"; };
/* End PBXFileReference section */

/* Begin PBXFrameworksBuildPhase section */
		16F0B0F5299E54B10023F640 /* Frameworks */ = {
			isa = PBXFrameworksBuildPhase;
			buildActionMask = 2147483647;
			files = (
			);
			runOnlyForDeploymentPostprocessing = 0;
		};
/* End PBXFrameworksBuildPhase section */

/* Begin PBXGroup section */
		16F0B0EF299E54B10023F640 = {
			isa = PBXGroup;
			children = (
				16F0B0FA299E54B10023F640 /* lampAlert */,
				16F0B0F9299E54B10023F640 /* Products */,
			);
			sourceTree = "<group>";
		};
		16F0B0F9299E54B10023F640 /* Products */ = {
			isa = PBXGroup;
			children = (
				16F0B0F8299E54B10023F640 /* lampAlert.app */,
			);
			name = Products;
			sourceTree = "<group>";
		};
		16F0B0FA299E54B10023F640 /* lampAlert */ = {
			isa = PBXGroup;
			children = (
				16F0B10F299E54C80023F640 /* images */,
				16F0B0FB299E54B10023F640 /* AppDelegate.swift */,
				16F0B0FD299E54B10023F640 /* SceneDelegate.swift */,
				16F0B0FF299E54B10023F640 /* ViewController.swift */,
				16F0B101299E54B10023F640 /* Main.storyboard */,
				16F0B104299E54B20023F640 /* Assets.xcassets */,
				16F0B106299E54B20023F640 /* LaunchScreen.storyboard */,
				16F0B109299E54B20023F640 /* Info.plist */,
			);
			path = lampAlert;
			sourceTree = "<group>";
		};
		16F0B10F299E54C80023F640 /* images */ = {
			isa = PBXGroup;
			children = (
				16F0B114299E563F0023F640 /* lamp_remove.png */,
				16F0B110299E54F10023F640 /* lamp_off.png */,
				16F0B111299E54F10023F640 /* lamp_on.png */,
			);
			path = images;
			sourceTree = "<group>";
		};
/* End PBXGroup section */

/* Begin PBXNativeTarget section */
		16F0B0F7299E54B10023F640 /* lampAlert */ = {
			isa = PBXNativeTarget;
			buildConfigurationList = 16F0B10C299E54B20023F640 /* Build configuration list for PBXNativeTarget "lampAlert" */;
			buildPhases = (
				16F0B0F4299E54B10023F640 /* Sources */,
				16F0B0F5299E54B10023F640 /* Frameworks */,
				16F0B0F6299E54B10023F640 /* Resources */,
			);
			buildRules = (
			);
			dependencies = (
			);
			name = lampAlert;
			productName = lampAlert;
			productReference = 16F0B0F8299E54B10023F640 /* lampAlert.app */;
			productType = "com.apple.product-type.application";
		};
/* End PBXNativeTarget section */

/* Begin PBXProject section */
		16F0B0F0299E54B10023F640 /* Project object */ = {
			isa = PBXProject;
			attributes = {
				BuildIndependentTargetsInParallel = 1;
				LastSwiftUpdateCheck = 1420;
				LastUpgradeCheck = 1420;
				TargetAttributes = {
					16F0B0F7299E54B10023F640 = {
						CreatedOnToolsVersion = 14.2;
					};
				};
			};
			buildConfigurationList = 16F0B0F3299E54B10023F640 /* Build configuration list for PBXProject "lampAlert" */;
			compatibilityVersion = "Xcode 14.0";
			developmentRegion = en;
			hasScannedForEncodings = 0;
			knownRegions = (
				en,
				Base,
			);
			mainGroup = 16F0B0EF299E54B10023F640;
			productRefGroup = 16F0B0F9299E54B10023F640 /* Products */;
			projectDirPath = "";
			projectRoot = "";
			targets = (
				16F0B0F7299E54B10023F640 /* lampAlert */,
			);
		};
/* End PBXProject section */

/* Begin PBXResourcesBuildPhase section */
		16F0B0F6299E54B10023F640 /* Resources */ = {
			isa = PBXResourcesBuildPhase;
			buildActionMask = 2147483647;
			files = (
				16F0B108299E54B20023F640 /* LaunchScreen.storyboard in Resources */,
				16F0B115299E563F0023F640 /* lamp_remove.png in Resources */,
				16F0B105299E54B20023F640 /* Assets.xcassets in Resources */,
				16F0B113299E54F10023F640 /* lamp_on.png in Resources */,
				16F0B103299E54B10023F640 /* Main.storyboard in Resources */,
				16F0B112299E54F10023F640 /* lamp_off.png in Resources */,
			);
			runOnlyForDeploymentPostprocessing = 0;
		};
/* End PBXResourcesBuildPhase section */

/* Begin PBXSourcesBuildPhase section */
		16F0B0F4299E54B10023F640 /* Sources */ = {
			isa = PBXSourcesBuildPhase;
			buildActionMask = 2147483647;
			files = (
				16F0B100299E54B10023F640 /* ViewController.swift in Sources */,
				16F0B0FC299E54B10023F640 /* AppDelegate.swift in Sources */,
				16F0B0FE299E54B10023F640 /* SceneDelegate.swift in Sources */,
			);
			runOnlyForDeploymentPostprocessing = 0;
		};
/* End PBXSourcesBuildPhase section */

/* Begin PBXVariantGroup section */
		16F0B101299E54B10023F640 /* Main.storyboard */ = {
			isa = PBXVariantGroup;
			children = (
				16F0B102299E54B10023F640 /* Base */,
			);
			name = Main.storyboard;
			sourceTree = "<group>";
		};
		16F0B106299E54B20023F640 /* LaunchScreen.storyboard */ = {
			isa = PBXVariantGroup;
			children = (
				16F0B107299E54B20023F640 /* Base */,
			);
			name = LaunchScreen.storyboard;
			sourceTree = "<group>";
		};
/* End PBXVariantGroup section */

/* Begin XCBuildConfiguration section */
		16F0B10A299E54B20023F640 /* Debug */ = {
			isa = XCBuildConfiguration;
			buildSettings = {
				ALWAYS_SEARCH_USER_PATHS = NO;
				CLANG_ANALYZER_NONNULL = YES;
				CLANG_ANALYZER_NUMBER_OBJECT_CONVERSION = YES_AGGRESSIVE;
				CLANG_CXX_LANGUAGE_STANDARD = "gnu++20";
				CLANG_ENABLE_MODULES = YES;
				CLANG_ENABLE_OBJC_ARC = YES;
				CLANG_ENABLE_OBJC_WEAK = YES;
				CLANG_WARN_BLOCK_CAPTURE_AUTORELEASING = YES;
				CLANG_WARN_BOOL_CONVERSION = YES;
				CLANG_WARN_COMMA = YES;
				CLANG_WARN_CONSTANT_CONVERSION = YES;
				CLANG_WARN_DEPRECATED_OBJC_IMPLEMENTATIONS = YES;
				CLANG_WARN_DIRECT_OBJC_ISA_USAGE = YES_ERROR;
				CLANG_WARN_DOCUMENTATION_COMMENTS = YES;
				CLANG_WARN_EMPTY_BODY = YES;
				CLANG_WARN_ENUM_CONVERSION = YES;
				CLANG_WARN_INFINITE_RECURSION = YES;
				CLANG_WARN_INT_CONVERSION = YES;
				CLANG_WARN_NON_LITERAL_NULL_CONVERSION = YES;
				CLANG_WARN_OBJC_IMPLICIT_RETAIN_SELF = YES;
				CLANG_WARN_OBJC_LITERAL_CONVERSION = YES;
				CLANG_WARN_OBJC_ROOT_CLASS = YES_ERROR;
				CLANG_WARN_QUOTED_INCLUDE_IN_FRAMEWORK_HEADER = YES;
				CLANG_WARN_RANGE_LOOP_ANALYSIS = YES;
				CLANG_WARN_STRICT_PROTOTYPES = YES;
				CLANG_WARN_SUSPICIOUS_MOVE = YES;
				CLANG_WARN_UNGUARDED_AVAILABILITY = YES_AGGRESSIVE;
				CLANG_WARN_UNREACHABLE_CODE = YES;
				CLANG_WARN__DUPLICATE_METHOD_MATCH = YES;
				COPY_PHASE_STRIP = NO;
				DEBUG_INFORMATION_FORMAT = dwarf;
				ENABLE_STRICT_OBJC_MSGSEND = YES;
				ENABLE_TESTABILITY = YES;
				GCC_C_LANGUAGE_STANDARD = gnu11;
				GCC_DYNAMIC_NO_PIC = NO;
				GCC_NO_COMMON_BLOCKS = YES;
				GCC_OPTIMIZATION_LEVEL = 0;
				GCC_PREPROCESSOR_DEFINITIONS = (
					"DEBUG=1",
					"$(inherited)",
				);
				GCC_WARN_64_TO_32_BIT_CONVERSION = YES;
				GCC_WARN_ABOUT_RETURN_TYPE = YES_ERROR;
				GCC_WARN_UNDECLARED_SELECTOR = YES;
				GCC_WARN_UNINITIALIZED_AUTOS = YES_AGGRESSIVE;
				GCC_WARN_UNUSED_FUNCTION = YES;
				GCC_WARN_UNUSED_VARIABLE = YES;
				IPHONEOS_DEPLOYMENT_TARGET = 16.2;
				MTL_ENABLE_DEBUG_INFO = INCLUDE_SOURCE;
				MTL_FAST_MATH = YES;
				ONLY_ACTIVE_ARCH = YES;
				SDKROOT = iphoneos;
				SWIFT_ACTIVE_COMPILATION_CONDITIONS = DEBUG;
				SWIFT_OPTIMIZATION_LEVEL = "-Onone";
			};
			name = Debug;
		};
		16F0B10B299E54B20023F640 /* Release */ = {
			isa = XCBuildConfiguration;
			buildSettings = {
				ALWAYS_SEARCH_USER_PATHS = NO;
				CLANG_ANALYZER_NONNULL = YES;
				CLANG_ANALYZER_NUMBER_OBJECT_CONVERSION = YES_AGGRESSIVE;
				CLANG_CXX_LANGUAGE_STANDARD = "gnu++20";
				CLANG_ENABLE_MODULES = YES;
				CLANG_ENABLE_OBJC_ARC = YES;
				CLANG_ENABLE_OBJC_WEAK = YES;
				CLANG_WARN_BLOCK_CAPTURE_AUTORELEASING = YES;
				CLANG_WARN_BOOL_CONVERSION = YES;
				CLANG_WARN_COMMA = YES;
				CLANG_WARN_CONSTANT_CONVERSION = YES;
				CLANG_WARN_DEPRECATED_OBJC_IMPLEMENTATIONS = YES;
				CLANG_WARN_DIRECT_OBJC_ISA_USAGE = YES_ERROR;
				CLANG_WARN_DOCUMENTATION_COMMENTS = YES;
				CLANG_WARN_EMPTY_BODY = YES;
				CLANG_WARN_ENUM_CONVERSION = YES;
				CLANG_WARN_INFINITE_RECURSION = YES;
				CLANG_WARN_INT_CONVERSION = YES;
				CLANG_WARN_NON_LITERAL_NULL_CONVERSION = YES;
				CLANG_WARN_OBJC_IMPLICIT_RETAIN_SELF = YES;
				CLANG_WARN_OBJC_LITERAL_CONVERSION = YES;
				CLANG_WARN_OBJC_ROOT_CLASS = YES_ERROR;
				CLANG_WARN_QUOTED_INCLUDE_IN_FRAMEWORK_HEADER = YES;
				CLANG_WARN_RANGE_LOOP_ANALYSIS = YES;
				CLANG_WARN_STRICT_PROTOTYPES = YES;
				CLANG_WARN_SUSPICIOUS_MOVE = YES;
				CLANG_WARN_UNGUARDED_AVAILABILITY = YES_AGGRESSIVE;
				CLANG_WARN_UNREACHABLE_CODE = YES;
				CLANG_WARN__DUPLICATE_METHOD_MATCH = YES;
				COPY_PHASE_STRIP = NO;
				DEBUG_INFORMATION_FORMAT = "dwarf-with-dsym";
				ENABLE_NS_ASSERTIONS = NO;
				ENABLE_STRICT_OBJC_MSGSEND = YES;
				GCC_C_LANGUAGE_STANDARD = gnu11;
				GCC_NO_COMMON_BLOCKS = YES;
				GCC_WARN_64_TO_32_BIT_CONVERSION = YES;
				GCC_WARN_ABOUT_RETURN_TYPE = YES_ERROR;
				GCC_WARN_UNDECLARED_SELECTOR = YES;
				GCC_WARN_UNINITIALIZED_AUTOS = YES_AGGRESSIVE;
				GCC_WARN_UNUSED_FUNCTION = YES;
				GCC_WARN_UNUSED_VARIABLE = YES;
				IPHONEOS_DEPLOYMENT_TARGET = 16.2;
				MTL_ENABLE_DEBUG_INFO = NO;
				MTL_FAST_MATH = YES;
				SDKROOT = iphoneos;
				SWIFT_COMPILATION_MODE = wholemodule;
				SWIFT_OPTIMIZATION_LEVEL = "-O";
				VALIDATE_PRODUCT = YES;
			};
			name = Release;
		};
		16F0B10D299E54B20023F640 /* Debug */ = {
			isa = XCBuildConfiguration;
			buildSettings = {
				ASSETCATALOG_COMPILER_APPICON_NAME = AppIcon;
				ASSETCATALOG_COMPILER_GLOBAL_ACCENT_COLOR_NAME = AccentColor;
				CODE_SIGN_STYLE = Automatic;
				CURRENT_PROJECT_VERSION = 1;
				DEVELOPMENT_TEAM = 498J9TKTSM;
				GENERATE_INFOPLIST_FILE = YES;
				INFOPLIST_FILE = lampAlert/Info.plist;
				INFOPLIST_KEY_UIApplicationSupportsIndirectInputEvents = YES;
				INFOPLIST_KEY_UILaunchStoryboardName = LaunchScreen;
				INFOPLIST_KEY_UIMainStoryboardFile = Main;
				INFOPLIST_KEY_UISupportedInterfaceOrientations_iPad = "UIInterfaceOrientationPortrait UIInterfaceOrientationPortraitUpsideDown UIInterfaceOrientationLandscapeLeft UIInterfaceOrientationLandscapeRight";
				INFOPLIST_KEY_UISupportedInterfaceOrientations_iPhone = "UIInterfaceOrientationPortrait UIInterfaceOrientationLandscapeLeft UIInterfaceOrientationLandscapeRight";
				LD_RUNPATH_SEARCH_PATHS = (
					"$(inherited)",
					"@executable_path/Frameworks",
				);
				MARKETING_VERSION = 1.0;
				PRODUCT_BUNDLE_IDENTIFIER = com.swiftlec.lampAlert;
				PRODUCT_NAME = "$(TARGET_NAME)";
				SWIFT_EMIT_LOC_STRINGS = YES;
				SWIFT_VERSION = 5.0;
				TARGETED_DEVICE_FAMILY = "1,2";
			};
			name = Debug;
		};
		16F0B10E299E54B20023F640 /* Release */ = {
			isa = XCBuildConfiguration;
			buildSettings = {
				ASSETCATALOG_COMPILER_APPICON_NAME = AppIcon;
				ASSETCATALOG_COMPILER_GLOBAL_ACCENT_COLOR_NAME = AccentColor;
				CODE_SIGN_STYLE = Automatic;
				CURRENT_PROJECT_VERSION = 1;
				DEVELOPMENT_TEAM = 498J9TKTSM;
				GENERATE_INFOPLIST_FILE = YES;
				INFOPLIST_FILE = lampAlert/Info.plist;
				INFOPLIST_KEY_UIApplicationSupportsIndirectInputEvents = YES;
				INFOPLIST_KEY_UILaunchStoryboardName = LaunchScreen;
				INFOPLIST_KEY_UIMainStoryboardFile = Main;
				INFOPLIST_KEY_UISupportedInterfaceOrientations_iPad = "UIInterfaceOrientationPortrait UIInterfaceOrientationPortraitUpsideDown UIInterfaceOrientationLandscapeLeft UIInterfaceOrientationLandscapeRight";
				INFOPLIST_KEY_UISupportedInterfaceOrientations_iPhone = "UIInterfaceOrientationPortrait UIInterfaceOrientationLandscapeLeft UIInterfaceOrientationLandscapeRight";
				LD_RUNPATH_SEARCH_PATHS = (
					"$(inherited)",
					"@executable_path/Frameworks",
				);
				MARKETING_VERSION = 1.0;
				PRODUCT_BUNDLE_IDENTIFIER = com.swiftlec.lampAlert;
				PRODUCT_NAME = "$(TARGET_NAME)";
				SWIFT_EMIT_LOC_STRINGS = YES;
				SWIFT_VERSION = 5.0;
				TARGETED_DEVICE_FAMILY = "1,2";
			};
			name = Release;
		};
/* End XCBuildConfiguration section */

/* Begin XCConfigurationList section */
		16F0B0F3299E54B10023F640 /* Build configuration list for PBXProject "lampAlert" */ = {
			isa = XCConfigurationList;
			buildConfigurations = (
				16F0B10A299E54B20023F640 /* Debug */,
				16F0B10B299E54B20023F640 /* Release */,
			);
			defaultConfigurationIsVisible = 0;
			defaultConfigurationName = Release;
		};
		16F0B10C299E54B20023F640 /* Build configuration list for PBXNativeTarget "lampAlert" */ = {
			isa = XCConfigurationList;
			buildConfigurations = (
				16F0B10D299E54B20023F640 /* Debug */,
				16F0B10E299E54B20023F640 /* Release */,
			);
			defaultConfigurationIsVisible = 0;
			defaultConfigurationName = Release;
		};
/* End XCConfigurationList section */
	};
	rootObject = 16F0B0F0299E54B10023F640 /* Project object */;
}
