// !$*UTF8*$!
{
	archiveVersion = 1;
	classes = {
	};
	objectVersion = 56;
	objects = {

/* Begin PBXBuildFile section */
		16E5E45A299E48D000D4A188 /* AppDelegate.swift in Sources */ = {isa = PBXBuildFile; fileRef = 16E5E459299E48D000D4A188 /* AppDelegate.swift */; };
		16E5E45C299E48D000D4A188 /* SceneDelegate.swift in Sources */ = {isa = PBXBuildFile; fileRef = 16E5E45B299E48D000D4A188 /* SceneDelegate.swift */; };
		16E5E45E299E48D000D4A188 /* ViewController.swift in Sources */ = {isa = PBXBuildFile; fileRef = 16E5E45D299E48D000D4A188 /* ViewController.swift */; };
		16E5E461299E48D000D4A188 /* Main.storyboard in Resources */ = {isa = PBXBuildFile; fileRef = 16E5E45F299E48D000D4A188 /* Main.storyboard */; };
		16E5E463299E48D100D4A188 /* Assets.xcassets in Resources */ = {isa = PBXBuildFile; fileRef = 16E5E462299E48D100D4A188 /* Assets.xcassets */; };
		16E5E466299E48D100D4A188 /* LaunchScreen.storyboard in Resources */ = {isa = PBXBuildFile; fileRef = 16E5E464299E48D100D4A188 /* LaunchScreen.storyboard */; };
		16F69093299E4A5E00758010 /* w1.jpg in Resources */ = {isa = PBXBuildFile; fileRef = 16F69089299E4A5E00758010 /* w1.jpg */; };
		16F69094299E4A5E00758010 /* w6.jpg in Resources */ = {isa = PBXBuildFile; fileRef = 16F6908A299E4A5E00758010 /* w6.jpg */; };
		16F69095299E4A5E00758010 /* w2.jpg in Resources */ = {isa = PBXBuildFile; fileRef = 16F6908B299E4A5E00758010 /* w2.jpg */; };
		16F69096299E4A5E00758010 /* w4.jpg in Resources */ = {isa = PBXBuildFile; fileRef = 16F6908C299E4A5E00758010 /* w4.jpg */; };
		16F69097299E4A5E00758010 /* w9.jpg in Resources */ = {isa = PBXBuildFile; fileRef = 16F6908D299E4A5E00758010 /* w9.jpg */; };
		16F69098299E4A5E00758010 /* w10.jpg in Resources */ = {isa = PBXBuildFile; fileRef = 16F6908E299E4A5E00758010 /* w10.jpg */; };
		16F69099299E4A5E00758010 /* w5.jpg in Resources */ = {isa = PBXBuildFile; fileRef = 16F6908F299E4A5E00758010 /* w5.jpg */; };
		16F6909A299E4A5E00758010 /* w7.jpg in Resources */ = {isa = PBXBuildFile; fileRef = 16F69090299E4A5E00758010 /* w7.jpg */; };
		16F6909B299E4A5E00758010 /* w8.jpg in Resources */ = {isa = PBXBuildFile; fileRef = 16F69091299E4A5E00758010 /* w8.jpg */; };
		16F6909C299E4A5E00758010 /* w3.jpg in Resources */ = {isa = PBXBuildFile; fileRef = 16F69092299E4A5E00758010 /* w3.jpg */; };
/* End PBXBuildFile section */

/* Begin PBXFileReference section */
		16E5E456299E48D000D4A188 /* PickerView.app */ = {isa = PBXFileReference; explicitFileType = wrapper.application; includeInIndex = 0; path = PickerView.app; sourceTree = BUILT_PRODUCTS_DIR; };
		16E5E459299E48D000D4A188 /* AppDelegate.swift */ = {isa = PBXFileReference; lastKnownFileType = sourcecode.swift; path = AppDelegate.swift; sourceTree = "<group>"; };
		16E5E45B299E48D000D4A188 /* SceneDelegate.swift */ = {isa = PBXFileReference; lastKnownFileType = sourcecode.swift; path = SceneDelegate.swift; sourceTree = "<group>"; };
		16E5E45D299E48D000D4A188 /* ViewController.swift */ = {isa = PBXFileReference; lastKnownFileType = sourcecode.swift; path = ViewController.swift; sourceTree = "<group>"; };
		16E5E460299E48D000D4A188 /* Base */ = {isa = PBXFileReference; lastKnownFileType = file.storyboard; name = Base; path = Base.lproj/Main.storyboard; sourceTree = "<group>"; };
		16E5E462299E48D100D4A188 /* Assets.xcassets */ = {isa = PBXFileReference; lastKnownFileType = folder.assetcatalog; path = Assets.xcassets; sourceTree = "<group>"; };
		16E5E465299E48D100D4A188 /* Base */ = {isa = PBXFileReference; lastKnownFileType = file.storyboard; name = Base; path = Base.lproj/LaunchScreen.storyboard; sourceTree = "<group>"; };
		16E5E467299E48D100D4A188 /* Info.plist */ = {isa = PBXFileReference; lastKnownFileType = text.plist.xml; path = Info.plist; sourceTree = "<group>"; };
		16F69089299E4A5E00758010 /* w1.jpg */ = {isa = PBXFileReference; lastKnownFileType = image.jpeg; name = w1.jpg; path = ../../../../../../Downloads/picker/w1.jpg; sourceTree = "<group>"; };
		16F6908A299E4A5E00758010 /* w6.jpg */ = {isa = PBXFileReference; lastKnownFileType = image.jpeg; name = w6.jpg; path = ../../../../../../Downloads/picker/w6.jpg; sourceTree = "<group>"; };
		16F6908B299E4A5E00758010 /* w2.jpg */ = {isa = PBXFileReference; lastKnownFileType = image.jpeg; name = w2.jpg; path = ../../../../../../Downloads/picker/w2.jpg; sourceTree = "<group>"; };
		16F6908C299E4A5E00758010 /* w4.jpg */ = {isa = PBXFileReference; lastKnownFileType = image.jpeg; name = w4.jpg; path = ../../../../../../Downloads/picker/w4.jpg; sourceTree = "<group>"; };
		16F6908D299E4A5E00758010 /* w9.jpg */ = {isa = PBXFileReference; lastKnownFileType = image.jpeg; name = w9.jpg; path = ../../../../../../Downloads/picker/w9.jpg; sourceTree = "<group>"; };
		16F6908E299E4A5E00758010 /* w10.jpg */ = {isa = PBXFileReference; lastKnownFileType = image.jpeg; name = w10.jpg; path = ../../../../../../Downloads/picker/w10.jpg; sourceTree = "<group>"; };
		16F6908F299E4A5E00758010 /* w5.jpg */ = {isa = PBXFileReference; lastKnownFileType = image.jpeg; name = w5.jpg; path = ../../../../../../Downloads/picker/w5.jpg; sourceTree = "<group>"; };
		16F69090299E4A5E00758010 /* w7.jpg */ = {isa = PBXFileReference; lastKnownFileType = image.jpeg; name = w7.jpg; path = ../../../../../../Downloads/picker/w7.jpg; sourceTree = "<group>"; };
		16F69091299E4A5E00758010 /* w8.jpg */ = {isa = PBXFileReference; lastKnownFileType = image.jpeg; name = w8.jpg; path = ../../../../../../Downloads/picker/w8.jpg; sourceTree = "<group>"; };
		16F69092299E4A5E00758010 /* w3.jpg */ = {isa = PBXFileReference; lastKnownFileType = image.jpeg; name = w3.jpg; path = ../../../../../../Downloads/picker/w3.jpg; sourceTree = "<group>"; };
/* End PBXFileReference section */

/* Begin PBXFrameworksBuildPhase section */
		16E5E453299E48D000D4A188 /* Frameworks */ = {
			isa = PBXFrameworksBuildPhase;
			buildActionMask = 2147483647;
			files = (
			);
			runOnlyForDeploymentPostprocessing = 0;
		};
/* End PBXFrameworksBuildPhase section */

/* Begin PBXGroup section */
		16E5E44D299E48D000D4A188 = {
			isa = PBXGroup;
			children = (
				16E5E458299E48D000D4A188 /* PickerView */,
				16E5E457299E48D000D4A188 /* Products */,
			);
			sourceTree = "<group>";
		};
		16E5E457299E48D000D4A188 /* Products */ = {
			isa = PBXGroup;
			children = (
				16E5E456299E48D000D4A188 /* PickerView.app */,
			);
			name = Products;
			sourceTree = "<group>";
		};
		16E5E458299E48D000D4A188 /* PickerView */ = {
			isa = PBXGroup;
			children = (
				16F69088299E4A5700758010 /* images */,
				16E5E459299E48D000D4A188 /* AppDelegate.swift */,
				16E5E45B299E48D000D4A188 /* SceneDelegate.swift */,
				16E5E45D299E48D000D4A188 /* ViewController.swift */,
				16E5E45F299E48D000D4A188 /* Main.storyboard */,
				16E5E462299E48D100D4A188 /* Assets.xcassets */,
				16E5E464299E48D100D4A188 /* LaunchScreen.storyboard */,
				16E5E467299E48D100D4A188 /* Info.plist */,
			);
			path = PickerView;
			sourceTree = "<group>";
		};
		16F69088299E4A5700758010 /* images */ = {
			isa = PBXGroup;
			children = (
				16F69089299E4A5E00758010 /* w1.jpg */,
				16F6908B299E4A5E00758010 /* w2.jpg */,
				16F69092299E4A5E00758010 /* w3.jpg */,
				16F6908C299E4A5E00758010 /* w4.jpg */,
				16F6908F299E4A5E00758010 /* w5.jpg */,
				16F6908A299E4A5E00758010 /* w6.jpg */,
				16F69090299E4A5E00758010 /* w7.jpg */,
				16F69091299E4A5E00758010 /* w8.jpg */,
				16F6908D299E4A5E00758010 /* w9.jpg */,
				16F6908E299E4A5E00758010 /* w10.jpg */,
			);
			path = images;
			sourceTree = "<group>";
		};
/* End PBXGroup section */

/* Begin PBXNativeTarget section */
		16E5E455299E48D000D4A188 /* PickerView */ = {
			isa = PBXNativeTarget;
			buildConfigurationList = 16E5E46A299E48D100D4A188 /* Build configuration list for PBXNativeTarget "PickerView" */;
			buildPhases = (
				16E5E452299E48D000D4A188 /* Sources */,
				16E5E453299E48D000D4A188 /* Frameworks */,
				16E5E454299E48D000D4A188 /* Resources */,
			);
			buildRules = (
			);
			dependencies = (
			);
			name = PickerView;
			productName = PickerView;
			productReference = 16E5E456299E48D000D4A188 /* PickerView.app */;
			productType = "com.apple.product-type.application";
		};
/* End PBXNativeTarget section */

/* Begin PBXProject section */
		16E5E44E299E48D000D4A188 /* Project object */ = {
			isa = PBXProject;
			attributes = {
				BuildIndependentTargetsInParallel = 1;
				LastSwiftUpdateCheck = 1420;
				LastUpgradeCheck = 1420;
				TargetAttributes = {
					16E5E455299E48D000D4A188 = {
						CreatedOnToolsVersion = 14.2;
					};
				};
			};
			buildConfigurationList = 16E5E451299E48D000D4A188 /* Build configuration list for PBXProject "PickerView" */;
			compatibilityVersion = "Xcode 14.0";
			developmentRegion = en;
			hasScannedForEncodings = 0;
			knownRegions = (
				en,
				Base,
			);
			mainGroup = 16E5E44D299E48D000D4A188;
			productRefGroup = 16E5E457299E48D000D4A188 /* Products */;
			projectDirPath = "";
			projectRoot = "";
			targets = (
				16E5E455299E48D000D4A188 /* PickerView */,
			);
		};
/* End PBXProject section */

/* Begin PBXResourcesBuildPhase section */
		16E5E454299E48D000D4A188 /* Resources */ = {
			isa = PBXResourcesBuildPhase;
			buildActionMask = 2147483647;
			files = (
				16F6909C299E4A5E00758010 /* w3.jpg in Resources */,
				16F6909B299E4A5E00758010 /* w8.jpg in Resources */,
				16F6909A299E4A5E00758010 /* w7.jpg in Resources */,
				16F69095299E4A5E00758010 /* w2.jpg in Resources */,
				16F69094299E4A5E00758010 /* w6.jpg in Resources */,
				16E5E466299E48D100D4A188 /* LaunchScreen.storyboard in Resources */,
				16F69098299E4A5E00758010 /* w10.jpg in Resources */,
				16F69096299E4A5E00758010 /* w4.jpg in Resources */,
				16F69099299E4A5E00758010 /* w5.jpg in Resources */,
				16F69093299E4A5E00758010 /* w1.jpg in Resources */,
				16F69097299E4A5E00758010 /* w9.jpg in Resources */,
				16E5E463299E48D100D4A188 /* Assets.xcassets in Resources */,
				16E5E461299E48D000D4A188 /* Main.storyboard in Resources */,
			);
			runOnlyForDeploymentPostprocessing = 0;
		};
/* End PBXResourcesBuildPhase section */

/* Begin PBXSourcesBuildPhase section */
		16E5E452299E48D000D4A188 /* Sources */ = {
			isa = PBXSourcesBuildPhase;
			buildActionMask = 2147483647;
			files = (
				16E5E45E299E48D000D4A188 /* ViewController.swift in Sources */,
				16E5E45A299E48D000D4A188 /* AppDelegate.swift in Sources */,
				16E5E45C299E48D000D4A188 /* SceneDelegate.swift in Sources */,
			);
			runOnlyForDeploymentPostprocessing = 0;
		};
/* End PBXSourcesBuildPhase section */

/* Begin PBXVariantGroup section */
		16E5E45F299E48D000D4A188 /* Main.storyboard */ = {
			isa = PBXVariantGroup;
			children = (
				16E5E460299E48D000D4A188 /* Base */,
			);
			name = Main.storyboard;
			sourceTree = "<group>";
		};
		16E5E464299E48D100D4A188 /* LaunchScreen.storyboard */ = {
			isa = PBXVariantGroup;
			children = (
				16E5E465299E48D100D4A188 /* Base */,
			);
			name = LaunchScreen.storyboard;
			sourceTree = "<group>";
		};
/* End PBXVariantGroup section */

/* Begin XCBuildConfiguration section */
		16E5E468299E48D100D4A188 /* Debug */ = {
			isa = XCBuildConfiguration;
			buildSettings = {
				ALWAYS_SEARCH_USER_PATHS = NO;
				CLANG_ANALYZER_NONNULL = YES;
				CLANG_ANALYZER_NUMBER_OBJECT_CONVERSION = YES_AGGRESSIVE;
				CLANG_CXX_LANGUAGE_STANDARD = "gnu++20";
				CLANG_ENABLE_MODULES = YES;
				CLANG_ENABLE_OBJC_ARC = YES;
				CLANG_ENABLE_OBJC_WEAK = YES;
				CLANG_WARN_BLOCK_CAPTURE_AUTORELEASING = YES;
				CLANG_WARN_BOOL_CONVERSION = YES;
				CLANG_WARN_COMMA = YES;
				CLANG_WARN_CONSTANT_CONVERSION = YES;
				CLANG_WARN_DEPRECATED_OBJC_IMPLEMENTATIONS = YES;
				CLANG_WARN_DIRECT_OBJC_ISA_USAGE = YES_ERROR;
				CLANG_WARN_DOCUMENTATION_COMMENTS = YES;
				CLANG_WARN_EMPTY_BODY = YES;
				CLANG_WARN_ENUM_CONVERSION = YES;
				CLANG_WARN_INFINITE_RECURSION = YES;
				CLANG_WARN_INT_CONVERSION = YES;
				CLANG_WARN_NON_LITERAL_NULL_CONVERSION = YES;
				CLANG_WARN_OBJC_IMPLICIT_RETAIN_SELF = YES;
				CLANG_WARN_OBJC_LITERAL_CONVERSION = YES;
				CLANG_WARN_OBJC_ROOT_CLASS = YES_ERROR;
				CLANG_WARN_QUOTED_INCLUDE_IN_FRAMEWORK_HEADER = YES;
				CLANG_WARN_RANGE_LOOP_ANALYSIS = YES;
				CLANG_WARN_STRICT_PROTOTYPES = YES;
				CLANG_WARN_SUSPICIOUS_MOVE = YES;
				CLANG_WARN_UNGUARDED_AVAILABILITY = YES_AGGRESSIVE;
				CLANG_WARN_UNREACHABLE_CODE = YES;
				CLANG_WARN__DUPLICATE_METHOD_MATCH = YES;
				COPY_PHASE_STRIP = NO;
				DEBUG_INFORMATION_FORMAT = dwarf;
				ENABLE_STRICT_OBJC_MSGSEND = YES;
				ENABLE_TESTABILITY = YES;
				GCC_C_LANGUAGE_STANDARD = gnu11;
				GCC_DYNAMIC_NO_PIC = NO;
				GCC_NO_COMMON_BLOCKS = YES;
				GCC_OPTIMIZATION_LEVEL = 0;
				GCC_PREPROCESSOR_DEFINITIONS = (
					"DEBUG=1",
					"$(inherited)",
				);
				GCC_WARN_64_TO_32_BIT_CONVERSION = YES;
				GCC_WARN_ABOUT_RETURN_TYPE = YES_ERROR;
				GCC_WARN_UNDECLARED_SELECTOR = YES;
				GCC_WARN_UNINITIALIZED_AUTOS = YES_AGGRESSIVE;
				GCC_WARN_UNUSED_FUNCTION = YES;
				GCC_WARN_UNUSED_VARIABLE = YES;
				IPHONEOS_DEPLOYMENT_TARGET = 16.2;
				MTL_ENABLE_DEBUG_INFO = INCLUDE_SOURCE;
				MTL_FAST_MATH = YES;
				ONLY_ACTIVE_ARCH = YES;
				SDKROOT = iphoneos;
				SWIFT_ACTIVE_COMPILATION_CONDITIONS = DEBUG;
				SWIFT_OPTIMIZATION_LEVEL = "-Onone";
			};
			name = Debug;
		};
		16E5E469299E48D100D4A188 /* Release */ = {
			isa = XCBuildConfiguration;
			buildSettings = {
				ALWAYS_SEARCH_USER_PATHS = NO;
				CLANG_ANALYZER_NONNULL = YES;
				CLANG_ANALYZER_NUMBER_OBJECT_CONVERSION = YES_AGGRESSIVE;
				CLANG_CXX_LANGUAGE_STANDARD = "gnu++20";
				CLANG_ENABLE_MODULES = YES;
				CLANG_ENABLE_OBJC_ARC = YES;
				CLANG_ENABLE_OBJC_WEAK = YES;
				CLANG_WARN_BLOCK_CAPTURE_AUTORELEASING = YES;
				CLANG_WARN_BOOL_CONVERSION = YES;
				CLANG_WARN_COMMA = YES;
				CLANG_WARN_CONSTANT_CONVERSION = YES;
				CLANG_WARN_DEPRECATED_OBJC_IMPLEMENTATIONS = YES;
				CLANG_WARN_DIRECT_OBJC_ISA_USAGE = YES_ERROR;
				CLANG_WARN_DOCUMENTATION_COMMENTS = YES;
				CLANG_WARN_EMPTY_BODY = YES;
				CLANG_WARN_ENUM_CONVERSION = YES;
				CLANG_WARN_INFINITE_RECURSION = YES;
				CLANG_WARN_INT_CONVERSION = YES;
				CLANG_WARN_NON_LITERAL_NULL_CONVERSION = YES;
				CLANG_WARN_OBJC_IMPLICIT_RETAIN_SELF = YES;
				CLANG_WARN_OBJC_LITERAL_CONVERSION = YES;
				CLANG_WARN_OBJC_ROOT_CLASS = YES_ERROR;
				CLANG_WARN_QUOTED_INCLUDE_IN_FRAMEWORK_HEADER = YES;
				CLANG_WARN_RANGE_LOOP_ANALYSIS = YES;
				CLANG_WARN_STRICT_PROTOTYPES = YES;
				CLANG_WARN_SUSPICIOUS_MOVE = YES;
				CLANG_WARN_UNGUARDED_AVAILABILITY = YES_AGGRESSIVE;
				CLANG_WARN_UNREACHABLE_CODE = YES;
				CLANG_WARN__DUPLICATE_METHOD_MATCH = YES;
				COPY_PHASE_STRIP = NO;
				DEBUG_INFORMATION_FORMAT = "dwarf-with-dsym";
				ENABLE_NS_ASSERTIONS = NO;
				ENABLE_STRICT_OBJC_MSGSEND = YES;
				GCC_C_LANGUAGE_STANDARD = gnu11;
				GCC_NO_COMMON_BLOCKS = YES;
				GCC_WARN_64_TO_32_BIT_CONVERSION = YES;
				GCC_WARN_ABOUT_RETURN_TYPE = YES_ERROR;
				GCC_WARN_UNDECLARED_SELECTOR = YES;
				GCC_WARN_UNINITIALIZED_AUTOS = YES_AGGRESSIVE;
				GCC_WARN_UNUSED_FUNCTION = YES;
				GCC_WARN_UNUSED_VARIABLE = YES;
				IPHONEOS_DEPLOYMENT_TARGET = 16.2;
				MTL_ENABLE_DEBUG_INFO = NO;
				MTL_FAST_MATH = YES;
				SDKROOT = iphoneos;
				SWIFT_COMPILATION_MODE = wholemodule;
				SWIFT_OPTIMIZATION_LEVEL = "-O";
				VALIDATE_PRODUCT = YES;
			};
			name = Release;
		};
		16E5E46B299E48D100D4A188 /* Debug */ = {
			isa = XCBuildConfiguration;
			buildSettings = {
				ASSETCATALOG_COMPILER_APPICON_NAME = AppIcon;
				ASSETCATALOG_COMPILER_GLOBAL_ACCENT_COLOR_NAME = AccentColor;
				CODE_SIGN_STYLE = Automatic;
				CURRENT_PROJECT_VERSION = 1;
				DEVELOPMENT_TEAM = 498J9TKTSM;
				GENERATE_INFOPLIST_FILE = YES;
				INFOPLIST_FILE = PickerView/Info.plist;
				INFOPLIST_KEY_UIApplicationSupportsIndirectInputEvents = YES;
				INFOPLIST_KEY_UILaunchStoryboardName = LaunchScreen;
				INFOPLIST_KEY_UIMainStoryboardFile = Main;
				INFOPLIST_KEY_UISupportedInterfaceOrientations_iPad = "UIInterfaceOrientationPortrait UIInterfaceOrientationPortraitUpsideDown UIInterfaceOrientationLandscapeLeft UIInterfaceOrientationLandscapeRight";
				INFOPLIST_KEY_UISupportedInterfaceOrientations_iPhone = "UIInterfaceOrientationPortrait UIInterfaceOrientationLandscapeLeft UIInterfaceOrientationLandscapeRight";
				LD_RUNPATH_SEARCH_PATHS = (
					"$(inherited)",
					"@executable_path/Frameworks",
				);
				MARKETING_VERSION = 1.0;
				PRODUCT_BUNDLE_IDENTIFIER = com.swiftlec.PickerView;
				PRODUCT_NAME = "$(TARGET_NAME)";
				SWIFT_EMIT_LOC_STRINGS = YES;
				SWIFT_VERSION = 5.0;
				TARGETED_DEVICE_FAMILY = "1,2";
			};
			name = Debug;
		};
		16E5E46C299E48D100D4A188 /* Release */ = {
			isa = XCBuildConfiguration;
			buildSettings = {
				ASSETCATALOG_COMPILER_APPICON_NAME = AppIcon;
				ASSETCATALOG_COMPILER_GLOBAL_ACCENT_COLOR_NAME = AccentColor;
				CODE_SIGN_STYLE = Automatic;
				CURRENT_PROJECT_VERSION = 1;
				DEVELOPMENT_TEAM = 498J9TKTSM;
				GENERATE_INFOPLIST_FILE = YES;
				INFOPLIST_FILE = PickerView/Info.plist;
				INFOPLIST_KEY_UIApplicationSupportsIndirectInputEvents = YES;
				INFOPLIST_KEY_UILaunchStoryboardName = LaunchScreen;
				INFOPLIST_KEY_UIMainStoryboardFile = Main;
				INFOPLIST_KEY_UISupportedInterfaceOrientations_iPad = "UIInterfaceOrientationPortrait UIInterfaceOrientationPortraitUpsideDown UIInterfaceOrientationLandscapeLeft UIInterfaceOrientationLandscapeRight";
				INFOPLIST_KEY_UISupportedInterfaceOrientations_iPhone = "UIInterfaceOrientationPortrait UIInterfaceOrientationLandscapeLeft UIInterfaceOrientationLandscapeRight";
				LD_RUNPATH_SEARCH_PATHS = (
					"$(inherited)",
					"@executable_path/Frameworks",
				);
				MARKETING_VERSION = 1.0;
				PRODUCT_BUNDLE_IDENTIFIER = com.swiftlec.PickerView;
				PRODUCT_NAME = "$(TARGET_NAME)";
				SWIFT_EMIT_LOC_STRINGS = YES;
				SWIFT_VERSION = 5.0;
				TARGETED_DEVICE_FAMILY = "1,2";
			};
			name = Release;
		};
/* End XCBuildConfiguration section */

/* Begin XCConfigurationList section */
		16E5E451299E48D000D4A188 /* Build configuration list for PBXProject "PickerView" */ = {
			isa = XCConfigurationList;
			buildConfigurations = (
				16E5E468299E48D100D4A188 /* Debug */,
				16E5E469299E48D100D4A188 /* Release */,
			);
			defaultConfigurationIsVisible = 0;
			defaultConfigurationName = Release;
		};
		16E5E46A299E48D100D4A188 /* Build configuration list for PBXNativeTarget "PickerView" */ = {
			isa = XCConfigurationList;
			buildConfigurations = (
				16E5E46B299E48D100D4A188 /* Debug */,
				16E5E46C299E48D100D4A188 /* Release */,
			);
			defaultConfigurationIsVisible = 0;
			defaultConfigurationName = Release;
		};
/* End XCConfigurationList section */
	};
	rootObject = 16E5E44E299E48D000D4A188 /* Project object */;
}
